
Microsoft Visual Studio Solution File, Format Version 12.00
# Visual Studio 15
VisualStudioVersion = 15.0.26730.16
MinimumVisualStudioVersion = 10.0.40219.1
Project("{FAE04EC0-301F-11D3-BF4B-00C04F79EFBC}") = "WindowsFormsApp1", "WindowsFormsApp1\WindowsFormsApp1.csproj", "{9E5D4F79-0EA8-46F3-B712-E9EC8FDC6779}"
EndProject
Project("{FAE04EC0-301F-11D3-BF4B-00C04F79EFBC}") = "WinAbstractionDemo2", "WinAbstractionDemo2\WinAbstractionDemo2.csproj", "{86A2D93F-3354-4025-98CF-D7344DDD2C33}"
EndProject
Project("{FAE04EC0-301F-11D3-BF4B-00C04F79EFBC}") = "WinAbstractionDemo1", "WinAbstractionDemo1\WinAbstractionDemo1.csproj", "{F1D04F22-4D95-4A51-9B71-B6C24946B0CE}"
EndProject
Global
	GlobalSection(SolutionConfigurationPlatforms) = preSolution
		Debug|Any CPU = Debug|Any CPU
		Release|Any CPU = Release|Any CPU
	EndGlobalSection
	GlobalSection(ProjectConfigurationPlatforms) = postSolution
		{9E5D4F79-0EA8-46F3-B712-E9EC8FDC6779}.Debug|Any CPU.ActiveCfg = Debug|Any CPU
		{9E5D4F79-0EA8-46F3-B712-E9EC8FDC6779}.Debug|Any CPU.Build.0 = Debug|Any CPU
		{9E5D4F79-0EA8-46F3-B712-E9EC8FDC6779}.Release|Any CPU.ActiveCfg = Release|Any CPU
		{9E5D4F79-0EA8-46F3-B712-E9EC8FDC6779}.Release|Any CPU.Build.0 = Release|Any CPU
		{86A2D93F-3354-4025-98CF-D7344DDD2C33}.Debug|Any CPU.ActiveCfg = Debug|Any CPU
		{86A2D93F-3354-4025-98CF-D7344DDD2C33}.Debug|Any CPU.Build.0 = Debug|Any CPU
		{86A2D93F-3354-4025-98CF-D7344DDD2C33}.Release|Any CPU.ActiveCfg = Release|Any CPU
		{86A2D93F-3354-4025-98CF-D7344DDD2C33}.Release|Any CPU.Build.0 = Release|Any CPU
		{F1D04F22-4D95-4A51-9B71-B6C24946B0CE}.Debug|Any CPU.ActiveCfg = Debug|Any CPU
		{F1D04F22-4D95-4A51-9B71-B6C24946B0CE}.Debug|Any CPU.Build.0 = Debug|Any CPU
		{F1D04F22-4D95-4A51-9B71-B6C24946B0CE}.Release|Any CPU.ActiveCfg = Release|Any CPU
		{F1D04F22-4D95-4A51-9B71-B6C24946B0CE}.Release|Any CPU.Build.0 = Release|Any CPU
	EndGlobalSection
	GlobalSection(SolutionProperties) = preSolution
		HideSolutionNode = FALSE
	EndGlobalSection
	GlobalSection(ExtensibilityGlobals) = postSolution
		SolutionGuid = {DD4D5501-87DB-4B71-83C1-B327922144B8}
	EndGlobalSection
EndGlobal
